
Microsoft Visual Studio Solution File, Format Version 12.00
# Visual Studio 14
VisualStudioVersion = 14.0.25420.1
MinimumVisualStudioVersion = 10.0.40219.1
Project("{2150E333-8FDC-42A3-9474-1A3956D46DE8}") = "Engine", "Engine", "{0E800B51-5739-4546-9701-32D2360E7AEE}"
EndProject
Project("{2150E333-8FDC-42A3-9474-1A3956D46DE8}") = "Games", "Games", "{C9909D4F-4DDE-4D1E-B6B9-3B8C643EA527}"
EndProject
Project("{8BC9CEB8-8B4A-11D0-8D11-00A0C91BC942}") = "UE4", "Intermediate\ProjectFiles\UE4.vcxproj", "{6BEEE2D2-098D-4941-9FA1-80C18728E0F0}"
EndProject
Project("{8BC9CEB8-8B4A-11D0-8D11-00A0C91BC942}") = "BuildingEscape", "Intermediate\ProjectFiles\BuildingEscape.vcxproj", "{F14932A0-6C45-484C-B75D-CA8D760E6E23}"
EndProject
Global
	GlobalSection(SolutionConfigurationPlatforms) = preSolution
		DebugGame Editor|HTML5 = DebugGame Editor|HTML5
		DebugGame Editor|Win32 = DebugGame Editor|Win32
		DebugGame Editor|Win64 = DebugGame Editor|Win64
		DebugGame|HTML5 = DebugGame|HTML5
		DebugGame|Win32 = DebugGame|Win32
		DebugGame|Win64 = DebugGame|Win64
		Development Editor|HTML5 = Development Editor|HTML5
		Development Editor|Win32 = Development Editor|Win32
		Development Editor|Win64 = Development Editor|Win64
		Development|HTML5 = Development|HTML5
		Development|Win32 = Development|Win32
		Development|Win64 = Development|Win64
		Shipping|HTML5 = Shipping|HTML5
		Shipping|Win32 = Shipping|Win32
		Shipping|Win64 = Shipping|Win64
	EndGlobalSection
	GlobalSection(ProjectConfigurationPlatforms) = postSolution
		{6BEEE2D2-098D-4941-9FA1-80C18728E0F0}.DebugGame Editor|HTML5.ActiveCfg = BuiltWithUnrealBuildTool|Win32
		{6BEEE2D2-098D-4941-9FA1-80C18728E0F0}.DebugGame Editor|HTML5.Build.0 = BuiltWithUnrealBuildTool|Win32
		{6BEEE2D2-098D-4941-9FA1-80C18728E0F0}.DebugGame Editor|Win32.ActiveCfg = BuiltWithUnrealBuildTool|Win32
		{6BEEE2D2-098D-4941-9FA1-80C18728E0F0}.DebugGame Editor|Win32.Build.0 = BuiltWithUnrealBuildTool|Win32
		{6BEEE2D2-098D-4941-9FA1-80C18728E0F0}.DebugGame Editor|Win64.ActiveCfg = BuiltWithUnrealBuildTool|Win32
		{6BEEE2D2-098D-4941-9FA1-80C18728E0F0}.DebugGame Editor|Win64.Build.0 = BuiltWithUnrealBuildTool|Win32
		{6BEEE2D2-098D-4941-9FA1-80C18728E0F0}.DebugGame|HTML5.ActiveCfg = BuiltWithUnrealBuildTool|Win32
		{6BEEE2D2-098D-4941-9FA1-80C18728E0F0}.DebugGame|HTML5.Build.0 = BuiltWithUnrealBuildTool|Win32
		{6BEEE2D2-098D-4941-9FA1-80C18728E0F0}.DebugGame|Win32.ActiveCfg = BuiltWithUnrealBuildTool|Win32
		{6BEEE2D2-098D-4941-9FA1-80C18728E0F0}.DebugGame|Win32.Build.0 = BuiltWithUnrealBuildTool|Win32
		{6BEEE2D2-098D-4941-9FA1-80C18728E0F0}.DebugGame|Win64.ActiveCfg = BuiltWithUnrealBuildTool|Win32
		{6BEEE2D2-098D-4941-9FA1-80C18728E0F0}.DebugGame|Win64.Build.0 = BuiltWithUnrealBuildTool|Win32
		{6BEEE2D2-098D-4941-9FA1-80C18728E0F0}.Development Editor|HTML5.ActiveCfg = BuiltWithUnrealBuildTool|Win32
		{6BEEE2D2-098D-4941-9FA1-80C18728E0F0}.Development Editor|HTML5.Build.0 = BuiltWithUnrealBuildTool|Win32
		{6BEEE2D2-098D-4941-9FA1-80C18728E0F0}.Development Editor|Win32.ActiveCfg = BuiltWithUnrealBuildTool|Win32
		{6BEEE2D2-098D-4941-9FA1-80C18728E0F0}.Development Editor|Win32.Build.0 = BuiltWithUnrealBuildTool|Win32
		{6BEEE2D2-098D-4941-9FA1-80C18728E0F0}.Development Editor|Win64.ActiveCfg = BuiltWithUnrealBuildTool|Win32
		{6BEEE2D2-098D-4941-9FA1-80C18728E0F0}.Development Editor|Win64.Build.0 = BuiltWithUnrealBuildTool|Win32
		{6BEEE2D2-098D-4941-9FA1-80C18728E0F0}.Development|HTML5.ActiveCfg = BuiltWithUnrealBuildTool|Win32
		{6BEEE2D2-098D-4941-9FA1-80C18728E0F0}.Development|HTML5.Build.0 = BuiltWithUnrealBuildTool|Win32
		{6BEEE2D2-098D-4941-9FA1-80C18728E0F0}.Development|Win32.ActiveCfg = BuiltWithUnrealBuildTool|Win32
		{6BEEE2D2-098D-4941-9FA1-80C18728E0F0}.Development|Win32.Build.0 = BuiltWithUnrealBuildTool|Win32
		{6BEEE2D2-098D-4941-9FA1-80C18728E0F0}.Development|Win64.ActiveCfg = BuiltWithUnrealBuildTool|Win32
		{6BEEE2D2-098D-4941-9FA1-80C18728E0F0}.Development|Win64.Build.0 = BuiltWithUnrealBuildTool|Win32
		{6BEEE2D2-098D-4941-9FA1-80C18728E0F0}.Shipping|HTML5.ActiveCfg = BuiltWithUnrealBuildTool|Win32
		{6BEEE2D2-098D-4941-9FA1-80C18728E0F0}.Shipping|HTML5.Build.0 = BuiltWithUnrealBuildTool|Win32
		{6BEEE2D2-098D-4941-9FA1-80C18728E0F0}.Shipping|Win32.ActiveCfg = BuiltWithUnrealBuildTool|Win32
		{6BEEE2D2-098D-4941-9FA1-80C18728E0F0}.Shipping|Win32.Build.0 = BuiltWithUnrealBuildTool|Win32
		{6BEEE2D2-098D-4941-9FA1-80C18728E0F0}.Shipping|Win64.ActiveCfg = BuiltWithUnrealBuildTool|Win32
		{6BEEE2D2-098D-4941-9FA1-80C18728E0F0}.Shipping|Win64.Build.0 = BuiltWithUnrealBuildTool|Win32
		{F14932A0-6C45-484C-B75D-CA8D760E6E23}.DebugGame Editor|HTML5.ActiveCfg = HTML5_DebugGame_Editor|Win32
		{F14932A0-6C45-484C-B75D-CA8D760E6E23}.DebugGame Editor|Win32.ActiveCfg = DebugGame_Editor|Win32
		{F14932A0-6C45-484C-B75D-CA8D760E6E23}.DebugGame Editor|Win64.ActiveCfg = DebugGame_Editor|x64
		{F14932A0-6C45-484C-B75D-CA8D760E6E23}.DebugGame Editor|Win64.Build.0 = DebugGame_Editor|x64
		{F14932A0-6C45-484C-B75D-CA8D760E6E23}.DebugGame|HTML5.ActiveCfg = HTML5_DebugGame_Game|Win32
		{F14932A0-6C45-484C-B75D-CA8D760E6E23}.DebugGame|HTML5.Build.0 = HTML5_DebugGame_Game|Win32
		{F14932A0-6C45-484C-B75D-CA8D760E6E23}.DebugGame|Win32.ActiveCfg = DebugGame_Game|Win32
		{F14932A0-6C45-484C-B75D-CA8D760E6E23}.DebugGame|Win32.Build.0 = DebugGame_Game|Win32
		{F14932A0-6C45-484C-B75D-CA8D760E6E23}.DebugGame|Win64.ActiveCfg = DebugGame_Game|x64
		{F14932A0-6C45-484C-B75D-CA8D760E6E23}.DebugGame|Win64.Build.0 = DebugGame_Game|x64
		{F14932A0-6C45-484C-B75D-CA8D760E6E23}.Development Editor|HTML5.ActiveCfg = HTML5_Development_Editor|Win32
		{F14932A0-6C45-484C-B75D-CA8D760E6E23}.Development Editor|Win32.ActiveCfg = Development_Editor|Win32
		{F14932A0-6C45-484C-B75D-CA8D760E6E23}.Development Editor|Win64.ActiveCfg = Development_Editor|x64
		{F14932A0-6C45-484C-B75D-CA8D760E6E23}.Development Editor|Win64.Build.0 = Development_Editor|x64
		{F14932A0-6C45-484C-B75D-CA8D760E6E23}.Development|HTML5.ActiveCfg = HTML5_Development_Game|Win32
		{F14932A0-6C45-484C-B75D-CA8D760E6E23}.Development|HTML5.Build.0 = HTML5_Development_Game|Win32
		{F14932A0-6C45-484C-B75D-CA8D760E6E23}.Development|Win32.ActiveCfg = Development_Game|Win32
		{F14932A0-6C45-484C-B75D-CA8D760E6E23}.Development|Win32.Build.0 = Development_Game|Win32
		{F14932A0-6C45-484C-B75D-CA8D760E6E23}.Development|Win64.ActiveCfg = Development_Game|x64
		{F14932A0-6C45-484C-B75D-CA8D760E6E23}.Development|Win64.Build.0 = Development_Game|x64
		{F14932A0-6C45-484C-B75D-CA8D760E6E23}.Shipping|HTML5.ActiveCfg = HTML5_Shipping_Game|Win32
		{F14932A0-6C45-484C-B75D-CA8D760E6E23}.Shipping|HTML5.Build.0 = HTML5_Shipping_Game|Win32
		{F14932A0-6C45-484C-B75D-CA8D760E6E23}.Shipping|Win32.ActiveCfg = Shipping_Game|Win32
		{F14932A0-6C45-484C-B75D-CA8D760E6E23}.Shipping|Win32.Build.0 = Shipping_Game|Win32
		{F14932A0-6C45-484C-B75D-CA8D760E6E23}.Shipping|Win64.ActiveCfg = Shipping_Game|x64
		{F14932A0-6C45-484C-B75D-CA8D760E6E23}.Shipping|Win64.Build.0 = Shipping_Game|x64
	EndGlobalSection
	GlobalSection(SolutionProperties) = preSolution
		HideSolutionNode = FALSE
	EndGlobalSection
	GlobalSection(NestedProjects) = preSolution
		{6BEEE2D2-098D-4941-9FA1-80C18728E0F0} = {0E800B51-5739-4546-9701-32D2360E7AEE}
		{F14932A0-6C45-484C-B75D-CA8D760E6E23} = {C9909D4F-4DDE-4D1E-B6B9-3B8C643EA527}
	EndGlobalSection
EndGlobal
