
Microsoft Visual Studio Solution File, Format Version 12.00
# Visual Studio 14
VisualStudioVersion = 14.0.25420.1
MinimumVisualStudioVersion = 10.0.40219.1
Project("{2150E333-8FDC-42A3-9474-1A3956D46DE8}") = "Engine", "Engine", "{D19B4764-DF70-4B48-A055-EF2440363320}"
EndProject
Project("{2150E333-8FDC-42A3-9474-1A3956D46DE8}") = "Games", "Games", "{06A40887-E1B2-4B7F-B949-C66FD3E1765C}"
EndProject
Project("{8BC9CEB8-8B4A-11D0-8D11-00A0C91BC942}") = "UE4", "Intermediate\ProjectFiles\UE4.vcxproj", "{EB06F521-FE74-4797-A6D8-329850FC7992}"
EndProject
Project("{8BC9CEB8-8B4A-11D0-8D11-00A0C91BC942}") = "BuildingEscape", "Intermediate\ProjectFiles\BuildingEscape.vcxproj", "{8BCEBBD0-2D08-4039-AEE6-1643BF059D52}"
EndProject
Global
	GlobalSection(SolutionConfigurationPlatforms) = preSolution
		DebugGame Editor|HTML5 = DebugGame Editor|HTML5
		DebugGame Editor|Win32 = DebugGame Editor|Win32
		DebugGame Editor|Win64 = DebugGame Editor|Win64
		DebugGame|HTML5 = DebugGame|HTML5
		DebugGame|Win32 = DebugGame|Win32
		DebugGame|Win64 = DebugGame|Win64
		Development Editor|HTML5 = Development Editor|HTML5
		Development Editor|Win32 = Development Editor|Win32
		Development Editor|Win64 = Development Editor|Win64
		Development|HTML5 = Development|HTML5
		Development|Win32 = Development|Win32
		Development|Win64 = Development|Win64
		Shipping|HTML5 = Shipping|HTML5
		Shipping|Win32 = Shipping|Win32
		Shipping|Win64 = Shipping|Win64
	EndGlobalSection
	GlobalSection(ProjectConfigurationPlatforms) = postSolution
		{EB06F521-FE74-4797-A6D8-329850FC7992}.DebugGame Editor|HTML5.ActiveCfg = BuiltWithUnrealBuildTool|Win32
		{EB06F521-FE74-4797-A6D8-329850FC7992}.DebugGame Editor|HTML5.Build.0 = BuiltWithUnrealBuildTool|Win32
		{EB06F521-FE74-4797-A6D8-329850FC7992}.DebugGame Editor|Win32.ActiveCfg = BuiltWithUnrealBuildTool|Win32
		{EB06F521-FE74-4797-A6D8-329850FC7992}.DebugGame Editor|Win32.Build.0 = BuiltWithUnrealBuildTool|Win32
		{EB06F521-FE74-4797-A6D8-329850FC7992}.DebugGame Editor|Win64.ActiveCfg = BuiltWithUnrealBuildTool|Win32
		{EB06F521-FE74-4797-A6D8-329850FC7992}.DebugGame Editor|Win64.Build.0 = BuiltWithUnrealBuildTool|Win32
		{EB06F521-FE74-4797-A6D8-329850FC7992}.DebugGame|HTML5.ActiveCfg = BuiltWithUnrealBuildTool|Win32
		{EB06F521-FE74-4797-A6D8-329850FC7992}.DebugGame|HTML5.Build.0 = BuiltWithUnrealBuildTool|Win32
		{EB06F521-FE74-4797-A6D8-329850FC7992}.DebugGame|Win32.ActiveCfg = BuiltWithUnrealBuildTool|Win32
		{EB06F521-FE74-4797-A6D8-329850FC7992}.DebugGame|Win32.Build.0 = BuiltWithUnrealBuildTool|Win32
		{EB06F521-FE74-4797-A6D8-329850FC7992}.DebugGame|Win64.ActiveCfg = BuiltWithUnrealBuildTool|Win32
		{EB06F521-FE74-4797-A6D8-329850FC7992}.DebugGame|Win64.Build.0 = BuiltWithUnrealBuildTool|Win32
		{EB06F521-FE74-4797-A6D8-329850FC7992}.Development Editor|HTML5.ActiveCfg = BuiltWithUnrealBuildTool|Win32
		{EB06F521-FE74-4797-A6D8-329850FC7992}.Development Editor|HTML5.Build.0 = BuiltWithUnrealBuildTool|Win32
		{EB06F521-FE74-4797-A6D8-329850FC7992}.Development Editor|Win32.ActiveCfg = BuiltWithUnrealBuildTool|Win32
		{EB06F521-FE74-4797-A6D8-329850FC7992}.Development Editor|Win32.Build.0 = BuiltWithUnrealBuildTool|Win32
		{EB06F521-FE74-4797-A6D8-329850FC7992}.Development Editor|Win64.ActiveCfg = BuiltWithUnrealBuildTool|Win32
		{EB06F521-FE74-4797-A6D8-329850FC7992}.Development Editor|Win64.Build.0 = BuiltWithUnrealBuildTool|Win32
		{EB06F521-FE74-4797-A6D8-329850FC7992}.Development|HTML5.ActiveCfg = BuiltWithUnrealBuildTool|Win32
		{EB06F521-FE74-4797-A6D8-329850FC7992}.Development|HTML5.Build.0 = BuiltWithUnrealBuildTool|Win32
		{EB06F521-FE74-4797-A6D8-329850FC7992}.Development|Win32.ActiveCfg = BuiltWithUnrealBuildTool|Win32
		{EB06F521-FE74-4797-A6D8-329850FC7992}.Development|Win32.Build.0 = BuiltWithUnrealBuildTool|Win32
		{EB06F521-FE74-4797-A6D8-329850FC7992}.Development|Win64.ActiveCfg = BuiltWithUnrealBuildTool|Win32
		{EB06F521-FE74-4797-A6D8-329850FC7992}.Development|Win64.Build.0 = BuiltWithUnrealBuildTool|Win32
		{EB06F521-FE74-4797-A6D8-329850FC7992}.Shipping|HTML5.ActiveCfg = BuiltWithUnrealBuildTool|Win32
		{EB06F521-FE74-4797-A6D8-329850FC7992}.Shipping|HTML5.Build.0 = BuiltWithUnrealBuildTool|Win32
		{EB06F521-FE74-4797-A6D8-329850FC7992}.Shipping|Win32.ActiveCfg = BuiltWithUnrealBuildTool|Win32
		{EB06F521-FE74-4797-A6D8-329850FC7992}.Shipping|Win32.Build.0 = BuiltWithUnrealBuildTool|Win32
		{EB06F521-FE74-4797-A6D8-329850FC7992}.Shipping|Win64.ActiveCfg = BuiltWithUnrealBuildTool|Win32
		{EB06F521-FE74-4797-A6D8-329850FC7992}.Shipping|Win64.Build.0 = BuiltWithUnrealBuildTool|Win32
		{8BCEBBD0-2D08-4039-AEE6-1643BF059D52}.DebugGame Editor|HTML5.ActiveCfg = HTML5_DebugGame_Editor|Win32
		{8BCEBBD0-2D08-4039-AEE6-1643BF059D52}.DebugGame Editor|Win32.ActiveCfg = DebugGame_Editor|Win32
		{8BCEBBD0-2D08-4039-AEE6-1643BF059D52}.DebugGame Editor|Win64.ActiveCfg = DebugGame_Editor|x64
		{8BCEBBD0-2D08-4039-AEE6-1643BF059D52}.DebugGame Editor|Win64.Build.0 = DebugGame_Editor|x64
		{8BCEBBD0-2D08-4039-AEE6-1643BF059D52}.DebugGame|HTML5.ActiveCfg = HTML5_DebugGame_Game|Win32
		{8BCEBBD0-2D08-4039-AEE6-1643BF059D52}.DebugGame|HTML5.Build.0 = HTML5_DebugGame_Game|Win32
		{8BCEBBD0-2D08-4039-AEE6-1643BF059D52}.DebugGame|Win32.ActiveCfg = DebugGame_Game|Win32
		{8BCEBBD0-2D08-4039-AEE6-1643BF059D52}.DebugGame|Win32.Build.0 = DebugGame_Game|Win32
		{8BCEBBD0-2D08-4039-AEE6-1643BF059D52}.DebugGame|Win64.ActiveCfg = DebugGame_Game|x64
		{8BCEBBD0-2D08-4039-AEE6-1643BF059D52}.DebugGame|Win64.Build.0 = DebugGame_Game|x64
		{8BCEBBD0-2D08-4039-AEE6-1643BF059D52}.Development Editor|HTML5.ActiveCfg = HTML5_Development_Editor|Win32
		{8BCEBBD0-2D08-4039-AEE6-1643BF059D52}.Development Editor|Win32.ActiveCfg = Development_Editor|Win32
		{8BCEBBD0-2D08-4039-AEE6-1643BF059D52}.Development Editor|Win64.ActiveCfg = Development_Editor|x64
		{8BCEBBD0-2D08-4039-AEE6-1643BF059D52}.Development Editor|Win64.Build.0 = Development_Editor|x64
		{8BCEBBD0-2D08-4039-AEE6-1643BF059D52}.Development|HTML5.ActiveCfg = HTML5_Development_Game|Win32
		{8BCEBBD0-2D08-4039-AEE6-1643BF059D52}.Development|HTML5.Build.0 = HTML5_Development_Game|Win32
		{8BCEBBD0-2D08-4039-AEE6-1643BF059D52}.Development|Win32.ActiveCfg = Development_Game|Win32
		{8BCEBBD0-2D08-4039-AEE6-1643BF059D52}.Development|Win32.Build.0 = Development_Game|Win32
		{8BCEBBD0-2D08-4039-AEE6-1643BF059D52}.Development|Win64.ActiveCfg = Development_Game|x64
		{8BCEBBD0-2D08-4039-AEE6-1643BF059D52}.Development|Win64.Build.0 = Development_Game|x64
		{8BCEBBD0-2D08-4039-AEE6-1643BF059D52}.Shipping|HTML5.ActiveCfg = HTML5_Shipping_Game|Win32
		{8BCEBBD0-2D08-4039-AEE6-1643BF059D52}.Shipping|HTML5.Build.0 = HTML5_Shipping_Game|Win32
		{8BCEBBD0-2D08-4039-AEE6-1643BF059D52}.Shipping|Win32.ActiveCfg = Shipping_Game|Win32
		{8BCEBBD0-2D08-4039-AEE6-1643BF059D52}.Shipping|Win32.Build.0 = Shipping_Game|Win32
		{8BCEBBD0-2D08-4039-AEE6-1643BF059D52}.Shipping|Win64.ActiveCfg = Shipping_Game|x64
		{8BCEBBD0-2D08-4039-AEE6-1643BF059D52}.Shipping|Win64.Build.0 = Shipping_Game|x64
	EndGlobalSection
	GlobalSection(SolutionProperties) = preSolution
		HideSolutionNode = FALSE
	EndGlobalSection
	GlobalSection(NestedProjects) = preSolution
		{EB06F521-FE74-4797-A6D8-329850FC7992} = {D19B4764-DF70-4B48-A055-EF2440363320}
		{8BCEBBD0-2D08-4039-AEE6-1643BF059D52} = {06A40887-E1B2-4B7F-B949-C66FD3E1765C}
	EndGlobalSection
EndGlobal
